
Microsoft Visual Studio Solution File, Format Version 12.00
# Visual Studio Version 17
VisualStudioVersion = 17.13.35818.85 d17.13
MinimumVisualStudioVersion = 10.0.40219.1
Project("{FAE04EC0-301F-11D3-BF4B-00C04F79EFBC}") = "Project1Done", "Project1Done\Project1Done.csproj", "{95907CAE-F555-4AE9-9E6A-F2065BA3DC3B}"
EndProject
Global
	GlobalSection(SolutionConfigurationPlatforms) = preSolution
		Debug|Any CPU = Debug|Any CPU
		Release|Any CPU = Release|Any CPU
	EndGlobalSection
	GlobalSection(ProjectConfigurationPlatforms) = postSolution
		{95907CAE-F555-4AE9-9E6A-F2065BA3DC3B}.Debug|Any CPU.ActiveCfg = Debug|Any CPU
		{95907CAE-F555-4AE9-9E6A-F2065BA3DC3B}.Debug|Any CPU.Build.0 = Debug|Any CPU
		{95907CAE-F555-4AE9-9E6A-F2065BA3DC3B}.Release|Any CPU.ActiveCfg = Release|Any CPU
		{95907CAE-F555-4AE9-9E6A-F2065BA3DC3B}.Release|Any CPU.Build.0 = Release|Any CPU
	EndGlobalSection
	GlobalSection(SolutionProperties) = preSolution
		HideSolutionNode = FALSE
	EndGlobalSection
	GlobalSection(ExtensibilityGlobals) = postSolution
		SolutionGuid = {FF280354-7DD7-4B8E-9251-F4061F280AC4}
	EndGlobalSection
EndGlobal
