
Microsoft Visual Studio Solution File, Format Version 12.00
# Visual Studio Version 17
VisualStudioVersion = 17.9.34728.123
MinimumVisualStudioVersion = 10.0.40219.1
Project("{FAE04EC0-301F-11D3-BF4B-00C04F79EFBC}") = "CQ3Done", "CQ3Done\CQ3Done.csproj", "{15B9EB63-F128-4A56-8FC6-5BEB24C2BAA8}"
EndProject
Global
	GlobalSection(SolutionConfigurationPlatforms) = preSolution
		Debug|Any CPU = Debug|Any CPU
		Release|Any CPU = Release|Any CPU
	EndGlobalSection
	GlobalSection(ProjectConfigurationPlatforms) = postSolution
		{15B9EB63-F128-4A56-8FC6-5BEB24C2BAA8}.Debug|Any CPU.ActiveCfg = Debug|Any CPU
		{15B9EB63-F128-4A56-8FC6-5BEB24C2BAA8}.Debug|Any CPU.Build.0 = Debug|Any CPU
		{15B9EB63-F128-4A56-8FC6-5BEB24C2BAA8}.Release|Any CPU.ActiveCfg = Release|Any CPU
		{15B9EB63-F128-4A56-8FC6-5BEB24C2BAA8}.Release|Any CPU.Build.0 = Release|Any CPU
	EndGlobalSection
	GlobalSection(SolutionProperties) = preSolution
		HideSolutionNode = FALSE
	EndGlobalSection
	GlobalSection(ExtensibilityGlobals) = postSolution
		SolutionGuid = {56EF92FB-6A17-4DA0-AE41-2BA485BE713A}
	EndGlobalSection
EndGlobal
