
Microsoft Visual Studio Solution File, Format Version 12.00
# Visual Studio Version 17
VisualStudioVersion = 17.9.34728.123
MinimumVisualStudioVersion = 10.0.40219.1
Project("{FAE04EC0-301F-11D3-BF4B-00C04F79EFBC}") = "Level3Done", "Level3Done\Level3Done.csproj", "{B807A16F-D403-4EEB-82A0-6CDC47430D90}"
EndProject
Global
	GlobalSection(SolutionConfigurationPlatforms) = preSolution
		Debug|Any CPU = Debug|Any CPU
		Release|Any CPU = Release|Any CPU
	EndGlobalSection
	GlobalSection(ProjectConfigurationPlatforms) = postSolution
		{B807A16F-D403-4EEB-82A0-6CDC47430D90}.Debug|Any CPU.ActiveCfg = Debug|Any CPU
		{B807A16F-D403-4EEB-82A0-6CDC47430D90}.Debug|Any CPU.Build.0 = Debug|Any CPU
		{B807A16F-D403-4EEB-82A0-6CDC47430D90}.Release|Any CPU.ActiveCfg = Release|Any CPU
		{B807A16F-D403-4EEB-82A0-6CDC47430D90}.Release|Any CPU.Build.0 = Release|Any CPU
	EndGlobalSection
	GlobalSection(SolutionProperties) = preSolution
		HideSolutionNode = FALSE
	EndGlobalSection
	GlobalSection(ExtensibilityGlobals) = postSolution
		SolutionGuid = {5A67C097-1C39-4A4B-868E-82DE352F7D34}
	EndGlobalSection
EndGlobal
