
Microsoft Visual Studio Solution File, Format Version 12.00
# Visual Studio Version 17
VisualStudioVersion = 17.9.34728.123
MinimumVisualStudioVersion = 10.0.40219.1
Project("{FAE04EC0-301F-11D3-BF4B-00C04F79EFBC}") = "CQ6Start", "CQ6Start\CQ6Start.csproj", "{DC4FE57B-BB50-4E41-A0E8-54014875199B}"
EndProject
Global
	GlobalSection(SolutionConfigurationPlatforms) = preSolution
		Debug|Any CPU = Debug|Any CPU
		Release|Any CPU = Release|Any CPU
	EndGlobalSection
	GlobalSection(ProjectConfigurationPlatforms) = postSolution
		{DC4FE57B-BB50-4E41-A0E8-54014875199B}.Debug|Any CPU.ActiveCfg = Debug|Any CPU
		{DC4FE57B-BB50-4E41-A0E8-54014875199B}.Debug|Any CPU.Build.0 = Debug|Any CPU
		{DC4FE57B-BB50-4E41-A0E8-54014875199B}.Release|Any CPU.ActiveCfg = Release|Any CPU
		{DC4FE57B-BB50-4E41-A0E8-54014875199B}.Release|Any CPU.Build.0 = Release|Any CPU
	EndGlobalSection
	GlobalSection(SolutionProperties) = preSolution
		HideSolutionNode = FALSE
	EndGlobalSection
	GlobalSection(ExtensibilityGlobals) = postSolution
		SolutionGuid = {29157903-FDF8-46D3-8699-E852C598829E}
	EndGlobalSection
EndGlobal
